
Microsoft Visual Studio Solution File, Format Version 12.00
# Visual Studio Version 17
VisualStudioVersion = 17.1.32328.378
MinimumVisualStudioVersion = 10.0.40219.1
Project("{2150E333-8FDC-42A3-9474-1A3956D46DE8}") = "Creational", "Creational", "{4E5E4F5F-2E1C-475F-B593-9366BF166C78}"
EndProject
Project("{2150E333-8FDC-42A3-9474-1A3956D46DE8}") = "Behavioral", "Behavioral", "{C767B855-6E85-45FD-B365-F9A8B7E39F87}"
EndProject
Project("{2150E333-8FDC-42A3-9474-1A3956D46DE8}") = "Structural", "Structural", "{80D60EAC-2450-4BC9-897E-EB82ADE4476F}"
EndProject
Project("{9A19103F-16F7-4668-BE54-9A1E7A4F7556}") = "DesignPatterns.AbstractFactory", "Creational\DesignPatterns.AbstractFactory\DesignPatterns.AbstractFactory.csproj", "{25DF83AB-F8F2-464A-BC06-64A9047AE3C7}"
EndProject
Project("{9A19103F-16F7-4668-BE54-9A1E7A4F7556}") = "DesignPatterns.Builder", "Creational\DesignPatterns.Builder\DesignPatterns.Builder.csproj", "{4F5A1F18-56F2-446A-BBD4-A9049859C47D}"
EndProject
Project("{9A19103F-16F7-4668-BE54-9A1E7A4F7556}") = "DesignPatterns.Factory", "Creational\DesignPatterns.Factory\DesignPatterns.Factory.csproj", "{E745DECE-342D-4D4E-8177-8289A70CDA15}"
EndProject
Project("{9A19103F-16F7-4668-BE54-9A1E7A4F7556}") = "DesignPatterns.Prototype", "Creational\DesignPatterns.Prototype\DesignPatterns.Prototype.csproj", "{FF35B7EF-76ED-412C-B08D-FE3C8F14836C}"
EndProject
Project("{9A19103F-16F7-4668-BE54-9A1E7A4F7556}") = "DesignPatterns.Singleton", "Creational\DesignPatterns.Singleton\DesignPatterns.Singleton.csproj", "{59103482-9CD2-4E8A-ABD5-8E4C32B2EF39}"
EndProject
Project("{9A19103F-16F7-4668-BE54-9A1E7A4F7556}") = "DesignPatterns.Adapter", "Structural\DesignPatterns.Adapter\DesignPatterns.Adapter.csproj", "{C2090057-A00F-4C88-BE15-9F081B981619}"
EndProject
Project("{9A19103F-16F7-4668-BE54-9A1E7A4F7556}") = "DesignPatterns.Bridge", "Structural\DesignPatterns.Bridge\DesignPatterns.Bridge.csproj", "{A342963B-6BED-48A0-94E6-A5781C5B5914}"
EndProject
Project("{9A19103F-16F7-4668-BE54-9A1E7A4F7556}") = "DesignPatterns.Decorator", "Structural\DesignPatterns.Decorator\DesignPatterns.Decorator.csproj", "{8CE9EECD-E449-4DC4-8387-65747DA36D13}"
EndProject
Project("{9A19103F-16F7-4668-BE54-9A1E7A4F7556}") = "DesignPatterns.Facade", "Structural\DesignPatterns.Facade\DesignPatterns.Facade.csproj", "{A12CAF26-C4E7-4D6F-9C4B-D49752FBCE84}"
EndProject
Project("{9A19103F-16F7-4668-BE54-9A1E7A4F7556}") = "DesignPatterns.Proxy", "Structural\DesignPatterns.Proxy\DesignPatterns.Proxy.csproj", "{C54BAFE5-7F24-4E88-9852-96457E45CA9A}"
EndProject
Project("{9A19103F-16F7-4668-BE54-9A1E7A4F7556}") = "DesignPatterns.Iterator", "Behavioral\DesignPatterns.Iterator\DesignPatterns.Iterator.csproj", "{C4E1D447-A862-416F-AE83-204E793590CF}"
EndProject
Project("{9A19103F-16F7-4668-BE54-9A1E7A4F7556}") = "DesignPatterns.Mediator", "Behavioral\DesignPatterns.Mediator\DesignPatterns.Mediator.csproj", "{CA22F677-1D11-4D73-A105-13CF7F6537B4}"
EndProject
Project("{9A19103F-16F7-4668-BE54-9A1E7A4F7556}") = "DesignPatterns.Observer", "Behavioral\DesignPatterns.Observer\DesignPatterns.Observer.csproj", "{60E8224D-9A88-4BF8-B35C-70362F5774D7}"
EndProject
Project("{9A19103F-16F7-4668-BE54-9A1E7A4F7556}") = "DesignPatterns.State", "Behavioral\DesignPatterns.State\DesignPatterns.State.csproj", "{86929107-B4BD-4D05-983C-475290BB21FE}"
EndProject
Project("{9A19103F-16F7-4668-BE54-9A1E7A4F7556}") = "DesignPatterns.Strategy", "Behavioral\DesignPatterns.Strategy\DesignPatterns.Strategy.csproj", "{01678C7E-6A68-41FC-A19F-DA48FF3F4F80}"
EndProject
Project("{9A19103F-16F7-4668-BE54-9A1E7A4F7556}") = "DesignPatterns.Template", "Behavioral\DesignPatterns.Template\DesignPatterns.Template.csproj", "{841EF296-05DB-4B00-8DBD-9EB17D2CD57F}"
EndProject
Global
	GlobalSection(SolutionConfigurationPlatforms) = preSolution
		Debug|Any CPU = Debug|Any CPU
		Release|Any CPU = Release|Any CPU
	EndGlobalSection
	GlobalSection(ProjectConfigurationPlatforms) = postSolution
		{25DF83AB-F8F2-464A-BC06-64A9047AE3C7}.Debug|Any CPU.ActiveCfg = Debug|Any CPU
		{25DF83AB-F8F2-464A-BC06-64A9047AE3C7}.Debug|Any CPU.Build.0 = Debug|Any CPU
		{25DF83AB-F8F2-464A-BC06-64A9047AE3C7}.Release|Any CPU.ActiveCfg = Release|Any CPU
		{25DF83AB-F8F2-464A-BC06-64A9047AE3C7}.Release|Any CPU.Build.0 = Release|Any CPU
		{4F5A1F18-56F2-446A-BBD4-A9049859C47D}.Debug|Any CPU.ActiveCfg = Debug|Any CPU
		{4F5A1F18-56F2-446A-BBD4-A9049859C47D}.Debug|Any CPU.Build.0 = Debug|Any CPU
		{4F5A1F18-56F2-446A-BBD4-A9049859C47D}.Release|Any CPU.ActiveCfg = Release|Any CPU
		{4F5A1F18-56F2-446A-BBD4-A9049859C47D}.Release|Any CPU.Build.0 = Release|Any CPU
		{E745DECE-342D-4D4E-8177-8289A70CDA15}.Debug|Any CPU.ActiveCfg = Debug|Any CPU
		{E745DECE-342D-4D4E-8177-8289A70CDA15}.Debug|Any CPU.Build.0 = Debug|Any CPU
		{E745DECE-342D-4D4E-8177-8289A70CDA15}.Release|Any CPU.ActiveCfg = Release|Any CPU
		{E745DECE-342D-4D4E-8177-8289A70CDA15}.Release|Any CPU.Build.0 = Release|Any CPU
		{FF35B7EF-76ED-412C-B08D-FE3C8F14836C}.Debug|Any CPU.ActiveCfg = Debug|Any CPU
		{FF35B7EF-76ED-412C-B08D-FE3C8F14836C}.Debug|Any CPU.Build.0 = Debug|Any CPU
		{FF35B7EF-76ED-412C-B08D-FE3C8F14836C}.Release|Any CPU.ActiveCfg = Release|Any CPU
		{FF35B7EF-76ED-412C-B08D-FE3C8F14836C}.Release|Any CPU.Build.0 = Release|Any CPU
		{59103482-9CD2-4E8A-ABD5-8E4C32B2EF39}.Debug|Any CPU.ActiveCfg = Debug|Any CPU
		{59103482-9CD2-4E8A-ABD5-8E4C32B2EF39}.Debug|Any CPU.Build.0 = Debug|Any CPU
		{59103482-9CD2-4E8A-ABD5-8E4C32B2EF39}.Release|Any CPU.ActiveCfg = Release|Any CPU
		{59103482-9CD2-4E8A-ABD5-8E4C32B2EF39}.Release|Any CPU.Build.0 = Release|Any CPU
		{C2090057-A00F-4C88-BE15-9F081B981619}.Debug|Any CPU.ActiveCfg = Debug|Any CPU
		{C2090057-A00F-4C88-BE15-9F081B981619}.Debug|Any CPU.Build.0 = Debug|Any CPU
		{C2090057-A00F-4C88-BE15-9F081B981619}.Release|Any CPU.ActiveCfg = Release|Any CPU
		{C2090057-A00F-4C88-BE15-9F081B981619}.Release|Any CPU.Build.0 = Release|Any CPU
		{A342963B-6BED-48A0-94E6-A5781C5B5914}.Debug|Any CPU.ActiveCfg = Debug|Any CPU
		{A342963B-6BED-48A0-94E6-A5781C5B5914}.Debug|Any CPU.Build.0 = Debug|Any CPU
		{A342963B-6BED-48A0-94E6-A5781C5B5914}.Release|Any CPU.ActiveCfg = Release|Any CPU
		{A342963B-6BED-48A0-94E6-A5781C5B5914}.Release|Any CPU.Build.0 = Release|Any CPU
		{8CE9EECD-E449-4DC4-8387-65747DA36D13}.Debug|Any CPU.ActiveCfg = Debug|Any CPU
		{8CE9EECD-E449-4DC4-8387-65747DA36D13}.Debug|Any CPU.Build.0 = Debug|Any CPU
		{8CE9EECD-E449-4DC4-8387-65747DA36D13}.Release|Any CPU.ActiveCfg = Release|Any CPU
		{8CE9EECD-E449-4DC4-8387-65747DA36D13}.Release|Any CPU.Build.0 = Release|Any CPU
		{A12CAF26-C4E7-4D6F-9C4B-D49752FBCE84}.Debug|Any CPU.ActiveCfg = Debug|Any CPU
		{A12CAF26-C4E7-4D6F-9C4B-D49752FBCE84}.Debug|Any CPU.Build.0 = Debug|Any CPU
		{A12CAF26-C4E7-4D6F-9C4B-D49752FBCE84}.Release|Any CPU.ActiveCfg = Release|Any CPU
		{A12CAF26-C4E7-4D6F-9C4B-D49752FBCE84}.Release|Any CPU.Build.0 = Release|Any CPU
		{C54BAFE5-7F24-4E88-9852-96457E45CA9A}.Debug|Any CPU.ActiveCfg = Debug|Any CPU
		{C54BAFE5-7F24-4E88-9852-96457E45CA9A}.Debug|Any CPU.Build.0 = Debug|Any CPU
		{C54BAFE5-7F24-4E88-9852-96457E45CA9A}.Release|Any CPU.ActiveCfg = Release|Any CPU
		{C54BAFE5-7F24-4E88-9852-96457E45CA9A}.Release|Any CPU.Build.0 = Release|Any CPU
		{C4E1D447-A862-416F-AE83-204E793590CF}.Debug|Any CPU.ActiveCfg = Debug|Any CPU
		{C4E1D447-A862-416F-AE83-204E793590CF}.Debug|Any CPU.Build.0 = Debug|Any CPU
		{C4E1D447-A862-416F-AE83-204E793590CF}.Release|Any CPU.ActiveCfg = Release|Any CPU
		{C4E1D447-A862-416F-AE83-204E793590CF}.Release|Any CPU.Build.0 = Release|Any CPU
		{CA22F677-1D11-4D73-A105-13CF7F6537B4}.Debug|Any CPU.ActiveCfg = Debug|Any CPU
		{CA22F677-1D11-4D73-A105-13CF7F6537B4}.Debug|Any CPU.Build.0 = Debug|Any CPU
		{CA22F677-1D11-4D73-A105-13CF7F6537B4}.Release|Any CPU.ActiveCfg = Release|Any CPU
		{CA22F677-1D11-4D73-A105-13CF7F6537B4}.Release|Any CPU.Build.0 = Release|Any CPU
		{60E8224D-9A88-4BF8-B35C-70362F5774D7}.Debug|Any CPU.ActiveCfg = Debug|Any CPU
		{60E8224D-9A88-4BF8-B35C-70362F5774D7}.Debug|Any CPU.Build.0 = Debug|Any CPU
		{60E8224D-9A88-4BF8-B35C-70362F5774D7}.Release|Any CPU.ActiveCfg = Release|Any CPU
		{60E8224D-9A88-4BF8-B35C-70362F5774D7}.Release|Any CPU.Build.0 = Release|Any CPU
		{86929107-B4BD-4D05-983C-475290BB21FE}.Debug|Any CPU.ActiveCfg = Debug|Any CPU
		{86929107-B4BD-4D05-983C-475290BB21FE}.Debug|Any CPU.Build.0 = Debug|Any CPU
		{86929107-B4BD-4D05-983C-475290BB21FE}.Release|Any CPU.ActiveCfg = Release|Any CPU
		{86929107-B4BD-4D05-983C-475290BB21FE}.Release|Any CPU.Build.0 = Release|Any CPU
		{01678C7E-6A68-41FC-A19F-DA48FF3F4F80}.Debug|Any CPU.ActiveCfg = Debug|Any CPU
		{01678C7E-6A68-41FC-A19F-DA48FF3F4F80}.Debug|Any CPU.Build.0 = Debug|Any CPU
		{01678C7E-6A68-41FC-A19F-DA48FF3F4F80}.Release|Any CPU.ActiveCfg = Release|Any CPU
		{01678C7E-6A68-41FC-A19F-DA48FF3F4F80}.Release|Any CPU.Build.0 = Release|Any CPU
		{841EF296-05DB-4B00-8DBD-9EB17D2CD57F}.Debug|Any CPU.ActiveCfg = Debug|Any CPU
		{841EF296-05DB-4B00-8DBD-9EB17D2CD57F}.Debug|Any CPU.Build.0 = Debug|Any CPU
		{841EF296-05DB-4B00-8DBD-9EB17D2CD57F}.Release|Any CPU.ActiveCfg = Release|Any CPU
		{841EF296-05DB-4B00-8DBD-9EB17D2CD57F}.Release|Any CPU.Build.0 = Release|Any CPU
	EndGlobalSection
	GlobalSection(SolutionProperties) = preSolution
		HideSolutionNode = FALSE
	EndGlobalSection
	GlobalSection(NestedProjects) = preSolution
		{25DF83AB-F8F2-464A-BC06-64A9047AE3C7} = {4E5E4F5F-2E1C-475F-B593-9366BF166C78}
		{4F5A1F18-56F2-446A-BBD4-A9049859C47D} = {4E5E4F5F-2E1C-475F-B593-9366BF166C78}
		{E745DECE-342D-4D4E-8177-8289A70CDA15} = {4E5E4F5F-2E1C-475F-B593-9366BF166C78}
		{FF35B7EF-76ED-412C-B08D-FE3C8F14836C} = {4E5E4F5F-2E1C-475F-B593-9366BF166C78}
		{59103482-9CD2-4E8A-ABD5-8E4C32B2EF39} = {4E5E4F5F-2E1C-475F-B593-9366BF166C78}
		{C2090057-A00F-4C88-BE15-9F081B981619} = {80D60EAC-2450-4BC9-897E-EB82ADE4476F}
		{A342963B-6BED-48A0-94E6-A5781C5B5914} = {80D60EAC-2450-4BC9-897E-EB82ADE4476F}
		{8CE9EECD-E449-4DC4-8387-65747DA36D13} = {80D60EAC-2450-4BC9-897E-EB82ADE4476F}
		{A12CAF26-C4E7-4D6F-9C4B-D49752FBCE84} = {80D60EAC-2450-4BC9-897E-EB82ADE4476F}
		{C54BAFE5-7F24-4E88-9852-96457E45CA9A} = {80D60EAC-2450-4BC9-897E-EB82ADE4476F}
		{C4E1D447-A862-416F-AE83-204E793590CF} = {C767B855-6E85-45FD-B365-F9A8B7E39F87}
		{CA22F677-1D11-4D73-A105-13CF7F6537B4} = {C767B855-6E85-45FD-B365-F9A8B7E39F87}
		{60E8224D-9A88-4BF8-B35C-70362F5774D7} = {C767B855-6E85-45FD-B365-F9A8B7E39F87}
		{86929107-B4BD-4D05-983C-475290BB21FE} = {C767B855-6E85-45FD-B365-F9A8B7E39F87}
		{01678C7E-6A68-41FC-A19F-DA48FF3F4F80} = {C767B855-6E85-45FD-B365-F9A8B7E39F87}
		{841EF296-05DB-4B00-8DBD-9EB17D2CD57F} = {C767B855-6E85-45FD-B365-F9A8B7E39F87}
	EndGlobalSection
	GlobalSection(ExtensibilityGlobals) = postSolution
		SolutionGuid = {48B8D84A-C333-41D0-8DFD-3EAF4CCC7376}
	EndGlobalSection
EndGlobal
