
Microsoft Visual Studio Solution File, Format Version 12.00
# Visual Studio Version 17
VisualStudioVersion = 17.1.32328.378
MinimumVisualStudioVersion = 10.0.40219.1
Project("{9A19103F-16F7-4668-BE54-9A1E7A4F7556}") = "DesignPatterns.Singleton", "DesignPatterns.Singleton\DesignPatterns.Singleton.csproj", "{71B1A2AD-7F77-4CA6-A521-7E599DA51682}"
EndProject
Project("{2150E333-8FDC-42A3-9474-1A3956D46DE8}") = "1-Creational", "1-Creational", "{03B91DBA-B25A-4C6F-9FA6-8BCCB8E1D4F4}"
EndProject
Project("{2150E333-8FDC-42A3-9474-1A3956D46DE8}") = "2-Structural", "2-Structural", "{9C253866-DE89-40FC-91BF-BF0257AE7B9A}"
EndProject
Project("{9A19103F-16F7-4668-BE54-9A1E7A4F7556}") = "DesignPatterns.Adapter", "DesignPatterns.Adapter\DesignPatterns.Adapter.csproj", "{33156DE6-BA54-41C5-B66D-160983EF8FC8}"
EndProject
Project("{2150E333-8FDC-42A3-9474-1A3956D46DE8}") = "3-Behavioral", "3-Behavioral", "{9B8C2A3A-5584-4C2C-8B0A-C55B32CD009C}"
EndProject
Project("{9A19103F-16F7-4668-BE54-9A1E7A4F7556}") = "DesignPatterns.Mediator", "DesignPatterns.Mediator\DesignPatterns.Mediator.csproj", "{FF038140-8315-41E4-BA54-49E7E1ADF871}"
EndProject
Project("{9A19103F-16F7-4668-BE54-9A1E7A4F7556}") = "DesignPatterns.Factory", "DesignPatterns.Factory\DesignPatterns.Factory.csproj", "{C43E3FA2-6CD0-4420-952C-8A180B168248}"
EndProject
Project("{9A19103F-16F7-4668-BE54-9A1E7A4F7556}") = "DesignPatterns.Facade", "DesignPatterns.Facade\DesignPatterns.Facade.csproj", "{A7E55CFF-2248-4802-8A8B-83816D35257F}"
EndProject
Project("{9A19103F-16F7-4668-BE54-9A1E7A4F7556}") = "DesignPatterns.Strategy", "DesignPatterns.Strategy\DesignPatterns.Strategy.csproj", "{86516976-FE87-44E4-95BB-881758CAF0BA}"
EndProject
Project("{9A19103F-16F7-4668-BE54-9A1E7A4F7556}") = "DesignPatterns.Template", "DesignPatterns.Template\DesignPatterns.Template.csproj", "{C7F59B55-AE2B-43BF-9DF6-9873B73A70BA}"
EndProject
Project("{9A19103F-16F7-4668-BE54-9A1E7A4F7556}") = "DesignPatterns.State", "DesignPatterns.State\DesignPatterns.State.csproj", "{49D83327-E0F7-4FAA-B4B6-9C0DB51BEF6A}"
EndProject
Project("{9A19103F-16F7-4668-BE54-9A1E7A4F7556}") = "DesignPatterns.Proxy", "DesignPatterns.Proxy\DesignPatterns.Proxy.csproj", "{3E35E836-7C4B-4524-AE9C-B33C68E1CB64}"
EndProject
Project("{FAE04EC0-301F-11D3-BF4B-00C04F79EFBC}") = "DesignPatterns.Decorator", "DesignPatterns.Decorator\DesignPatterns.Decorator.csproj", "{7C8F9F9E-DBE5-45DC-A90F-3B3E68EF7B95}"
EndProject
Global
	GlobalSection(SolutionConfigurationPlatforms) = preSolution
		Debug|Any CPU = Debug|Any CPU
		Release|Any CPU = Release|Any CPU
	EndGlobalSection
	GlobalSection(ProjectConfigurationPlatforms) = postSolution
		{71B1A2AD-7F77-4CA6-A521-7E599DA51682}.Debug|Any CPU.ActiveCfg = Debug|Any CPU
		{71B1A2AD-7F77-4CA6-A521-7E599DA51682}.Debug|Any CPU.Build.0 = Debug|Any CPU
		{71B1A2AD-7F77-4CA6-A521-7E599DA51682}.Release|Any CPU.ActiveCfg = Release|Any CPU
		{71B1A2AD-7F77-4CA6-A521-7E599DA51682}.Release|Any CPU.Build.0 = Release|Any CPU
		{33156DE6-BA54-41C5-B66D-160983EF8FC8}.Debug|Any CPU.ActiveCfg = Debug|Any CPU
		{33156DE6-BA54-41C5-B66D-160983EF8FC8}.Debug|Any CPU.Build.0 = Debug|Any CPU
		{33156DE6-BA54-41C5-B66D-160983EF8FC8}.Release|Any CPU.ActiveCfg = Release|Any CPU
		{33156DE6-BA54-41C5-B66D-160983EF8FC8}.Release|Any CPU.Build.0 = Release|Any CPU
		{FF038140-8315-41E4-BA54-49E7E1ADF871}.Debug|Any CPU.ActiveCfg = Debug|Any CPU
		{FF038140-8315-41E4-BA54-49E7E1ADF871}.Debug|Any CPU.Build.0 = Debug|Any CPU
		{FF038140-8315-41E4-BA54-49E7E1ADF871}.Release|Any CPU.ActiveCfg = Release|Any CPU
		{FF038140-8315-41E4-BA54-49E7E1ADF871}.Release|Any CPU.Build.0 = Release|Any CPU
		{C43E3FA2-6CD0-4420-952C-8A180B168248}.Debug|Any CPU.ActiveCfg = Debug|Any CPU
		{C43E3FA2-6CD0-4420-952C-8A180B168248}.Debug|Any CPU.Build.0 = Debug|Any CPU
		{C43E3FA2-6CD0-4420-952C-8A180B168248}.Release|Any CPU.ActiveCfg = Release|Any CPU
		{C43E3FA2-6CD0-4420-952C-8A180B168248}.Release|Any CPU.Build.0 = Release|Any CPU
		{A7E55CFF-2248-4802-8A8B-83816D35257F}.Debug|Any CPU.ActiveCfg = Debug|Any CPU
		{A7E55CFF-2248-4802-8A8B-83816D35257F}.Debug|Any CPU.Build.0 = Debug|Any CPU
		{A7E55CFF-2248-4802-8A8B-83816D35257F}.Release|Any CPU.ActiveCfg = Release|Any CPU
		{A7E55CFF-2248-4802-8A8B-83816D35257F}.Release|Any CPU.Build.0 = Release|Any CPU
		{86516976-FE87-44E4-95BB-881758CAF0BA}.Debug|Any CPU.ActiveCfg = Debug|Any CPU
		{86516976-FE87-44E4-95BB-881758CAF0BA}.Debug|Any CPU.Build.0 = Debug|Any CPU
		{86516976-FE87-44E4-95BB-881758CAF0BA}.Release|Any CPU.ActiveCfg = Release|Any CPU
		{86516976-FE87-44E4-95BB-881758CAF0BA}.Release|Any CPU.Build.0 = Release|Any CPU
		{C7F59B55-AE2B-43BF-9DF6-9873B73A70BA}.Debug|Any CPU.ActiveCfg = Debug|Any CPU
		{C7F59B55-AE2B-43BF-9DF6-9873B73A70BA}.Debug|Any CPU.Build.0 = Debug|Any CPU
		{C7F59B55-AE2B-43BF-9DF6-9873B73A70BA}.Release|Any CPU.ActiveCfg = Release|Any CPU
		{C7F59B55-AE2B-43BF-9DF6-9873B73A70BA}.Release|Any CPU.Build.0 = Release|Any CPU
		{49D83327-E0F7-4FAA-B4B6-9C0DB51BEF6A}.Debug|Any CPU.ActiveCfg = Debug|Any CPU
		{49D83327-E0F7-4FAA-B4B6-9C0DB51BEF6A}.Debug|Any CPU.Build.0 = Debug|Any CPU
		{49D83327-E0F7-4FAA-B4B6-9C0DB51BEF6A}.Release|Any CPU.ActiveCfg = Release|Any CPU
		{49D83327-E0F7-4FAA-B4B6-9C0DB51BEF6A}.Release|Any CPU.Build.0 = Release|Any CPU
		{3E35E836-7C4B-4524-AE9C-B33C68E1CB64}.Debug|Any CPU.ActiveCfg = Debug|Any CPU
		{3E35E836-7C4B-4524-AE9C-B33C68E1CB64}.Debug|Any CPU.Build.0 = Debug|Any CPU
		{3E35E836-7C4B-4524-AE9C-B33C68E1CB64}.Release|Any CPU.ActiveCfg = Release|Any CPU
		{3E35E836-7C4B-4524-AE9C-B33C68E1CB64}.Release|Any CPU.Build.0 = Release|Any CPU
		{7C8F9F9E-DBE5-45DC-A90F-3B3E68EF7B95}.Debug|Any CPU.ActiveCfg = Debug|Any CPU
		{7C8F9F9E-DBE5-45DC-A90F-3B3E68EF7B95}.Debug|Any CPU.Build.0 = Debug|Any CPU
		{7C8F9F9E-DBE5-45DC-A90F-3B3E68EF7B95}.Release|Any CPU.ActiveCfg = Release|Any CPU
		{7C8F9F9E-DBE5-45DC-A90F-3B3E68EF7B95}.Release|Any CPU.Build.0 = Release|Any CPU
	EndGlobalSection
	GlobalSection(SolutionProperties) = preSolution
		HideSolutionNode = FALSE
	EndGlobalSection
	GlobalSection(NestedProjects) = preSolution
		{71B1A2AD-7F77-4CA6-A521-7E599DA51682} = {03B91DBA-B25A-4C6F-9FA6-8BCCB8E1D4F4}
		{33156DE6-BA54-41C5-B66D-160983EF8FC8} = {9C253866-DE89-40FC-91BF-BF0257AE7B9A}
		{FF038140-8315-41E4-BA54-49E7E1ADF871} = {9B8C2A3A-5584-4C2C-8B0A-C55B32CD009C}
		{C43E3FA2-6CD0-4420-952C-8A180B168248} = {03B91DBA-B25A-4C6F-9FA6-8BCCB8E1D4F4}
		{A7E55CFF-2248-4802-8A8B-83816D35257F} = {9C253866-DE89-40FC-91BF-BF0257AE7B9A}
		{86516976-FE87-44E4-95BB-881758CAF0BA} = {9B8C2A3A-5584-4C2C-8B0A-C55B32CD009C}
		{C7F59B55-AE2B-43BF-9DF6-9873B73A70BA} = {9B8C2A3A-5584-4C2C-8B0A-C55B32CD009C}
		{49D83327-E0F7-4FAA-B4B6-9C0DB51BEF6A} = {9B8C2A3A-5584-4C2C-8B0A-C55B32CD009C}
		{3E35E836-7C4B-4524-AE9C-B33C68E1CB64} = {9C253866-DE89-40FC-91BF-BF0257AE7B9A}
		{7C8F9F9E-DBE5-45DC-A90F-3B3E68EF7B95} = {9C253866-DE89-40FC-91BF-BF0257AE7B9A}
	EndGlobalSection
	GlobalSection(ExtensibilityGlobals) = postSolution
		SolutionGuid = {48B8D84A-C333-41D0-8DFD-3EAF4CCC7376}
	EndGlobalSection
EndGlobal
